
Microsoft Visual Studio Solution File, Format Version 12.00
# Visual Studio Version 17
VisualStudioVersion = 17.0.31903.59
MinimumVisualStudioVersion = 10.0.40219.1
Project("{FAE04EC0-301F-11D3-BF4B-00C04F79EFBC}") = "Application", "Application\Application.csproj", "{C5C851AE-7776-4141-B883-60C85DDEA9DB}"
EndProject
Project("{FAE04EC0-301F-11D3-BF4B-00C04F79EFBC}") = "DockerAPI", "DockerAPI\DockerAPI.csproj", "{CA2C9338-A027-4B8B-A99F-3D463E52666F}"
EndProject
Global
	GlobalSection(SolutionConfigurationPlatforms) = preSolution
		Debug|Any CPU = Debug|Any CPU
		Release|Any CPU = Release|Any CPU
	EndGlobalSection
	GlobalSection(SolutionProperties) = preSolution
		HideSolutionNode = FALSE
	EndGlobalSection
	GlobalSection(ProjectConfigurationPlatforms) = postSolution
		{C5C851AE-7776-4141-B883-60C85DDEA9DB}.Debug|Any CPU.ActiveCfg = Debug|Any CPU
		{C5C851AE-7776-4141-B883-60C85DDEA9DB}.Debug|Any CPU.Build.0 = Debug|Any CPU
		{C5C851AE-7776-4141-B883-60C85DDEA9DB}.Release|Any CPU.ActiveCfg = Release|Any CPU
		{C5C851AE-7776-4141-B883-60C85DDEA9DB}.Release|Any CPU.Build.0 = Release|Any CPU
		{CA2C9338-A027-4B8B-A99F-3D463E52666F}.Debug|Any CPU.ActiveCfg = Debug|Any CPU
		{CA2C9338-A027-4B8B-A99F-3D463E52666F}.Debug|Any CPU.Build.0 = Debug|Any CPU
		{CA2C9338-A027-4B8B-A99F-3D463E52666F}.Release|Any CPU.ActiveCfg = Release|Any CPU
		{CA2C9338-A027-4B8B-A99F-3D463E52666F}.Release|Any CPU.Build.0 = Release|Any CPU
	EndGlobalSection
EndGlobal
